
Microsoft Visual Studio Solution File, Format Version 12.00
# Visual Studio 15
VisualStudioVersion = 15.0.27130.2003
MinimumVisualStudioVersion = 10.0.40219.1
Project("{9092AA53-FB77-4645-B42D-1CCCA6BD08BD}") = "NodejsWebApp2", "NodejsWebApp2\NodejsWebApp2.njsproj", "{8A561039-FA1A-47F2-A3C4-ABE95194585D}"
EndProject
Global
	GlobalSection(SolutionConfigurationPlatforms) = preSolution
		Debug|Any CPU = Debug|Any CPU
		Release|Any CPU = Release|Any CPU
	EndGlobalSection
	GlobalSection(ProjectConfigurationPlatforms) = postSolution
		{8A561039-FA1A-47F2-A3C4-ABE95194585D}.Debug|Any CPU.ActiveCfg = Debug|Any CPU
		{8A561039-FA1A-47F2-A3C4-ABE95194585D}.Debug|Any CPU.Build.0 = Debug|Any CPU
		{8A561039-FA1A-47F2-A3C4-ABE95194585D}.Release|Any CPU.ActiveCfg = Release|Any CPU
		{8A561039-FA1A-47F2-A3C4-ABE95194585D}.Release|Any CPU.Build.0 = Release|Any CPU
	EndGlobalSection
	GlobalSection(SolutionProperties) = preSolution
		HideSolutionNode = FALSE
	EndGlobalSection
	GlobalSection(ExtensibilityGlobals) = postSolution
		SolutionGuid = {A9DD20C3-E71B-4E05-AADC-4304706BC6A1}
	EndGlobalSection
EndGlobal
